
Microsoft Visual Studio Solution File, Format Version 12.00
# Visual Studio Version 17
VisualStudioVersion = 17.3.32819.101
MinimumVisualStudioVersion = 10.0.40219.1
Project("{9A19103F-16F7-4668-BE54-9A1E7A4F7556}") = "Smarti.WebApi", "Smarti.WebApi\Smarti.WebApi.csproj", "{7D0CDA96-3505-4029-91EE-5EC3B2FA1EDB}"
EndProject
Project("{2150E333-8FDC-42A3-9474-1A3956D46DE8}") = "Common", "Common", "{F46B4842-7152-4F1F-96A7-C4791BE13F9A}"
EndProject
Project("{9A19103F-16F7-4668-BE54-9A1E7A4F7556}") = "Smarti.Common.Services", "Common\Smarti.Common.Services\Smarti.Common.Services.csproj", "{A8D00F4F-C2B4-4D27-8A2F-634CAEBCB3DC}"
EndProject
Project("{9A19103F-16F7-4668-BE54-9A1E7A4F7556}") = "Smarti.Common.Infrastructure", "Common\Smarti.Common.Infrastructure\Smarti.Common.Infrastructure.csproj", "{3E373FD8-AAC5-4225-A4A4-FBE24424A170}"
EndProject
Project("{2150E333-8FDC-42A3-9474-1A3956D46DE8}") = "Tests", "Tests", "{9DD87487-E218-47C9-97D8-6EC1BB854E03}"
EndProject
Project("{2150E333-8FDC-42A3-9474-1A3956D46DE8}") = "Application", "Application", "{A0F98FE2-2102-4CDD-B3F7-4A988007E8F4}"
EndProject
Project("{9A19103F-16F7-4668-BE54-9A1E7A4F7556}") = "Smarti.Application.Services", "Application\Smarti.Application.Services\Smarti.Application.Services.csproj", "{A7A226F8-6EA1-4735-A4AB-4C4F709E9168}"
EndProject
Project("{9A19103F-16F7-4668-BE54-9A1E7A4F7556}") = "Smarti.Application.Models", "Application\Smarti.Application.Models\Smarti.Application.Models.csproj", "{DC75615B-2521-42A6-ABD3-7721D8269CC8}"
EndProject
Project("{2150E333-8FDC-42A3-9474-1A3956D46DE8}") = "Application", "Application", "{09276BB9-DB6A-486C-80FA-6E25979F48D0}"
EndProject
Project("{9A19103F-16F7-4668-BE54-9A1E7A4F7556}") = "Smarti.Application.Infrastructure", "Application\Smarti.Application.Infrastructure\Smarti.Application.Infrastructure.csproj", "{DB23CAD6-DA8F-4825-9F23-18E34A58B22E}"
EndProject
Project("{9A19103F-16F7-4668-BE54-9A1E7A4F7556}") = "Smarti.Application.Infrastructure.Tests", "Tests\Application\Smarti.Application.Infrastructure.Tests\Smarti.Application.Infrastructure.Tests.csproj", "{23C5680E-05A6-43A9-AF3E-8063ACB7FA22}"
EndProject
Project("{2150E333-8FDC-42A3-9474-1A3956D46DE8}") = "Presentation", "Presentation", "{00E1466A-862B-4C05-8202-AA5E618B9248}"
EndProject
Project("{FAE04EC0-301F-11D3-BF4B-00C04F79EFBC}") = "Smarti.Presentation.Services", "Presentation\Smarti.Presentation.Services\Smarti.Presentation.Services.csproj", "{4D064151-0F88-44EC-8C65-149AF2163B1F}"
EndProject
Project("{FAE04EC0-301F-11D3-BF4B-00C04F79EFBC}") = "Smarti.Presentation.Models", "Presentation\Smarti.Presentation.Models\Smarti.Presentation.Models.csproj", "{D3BC011C-2C9E-4588-BE11-4426BBC241D0}"
EndProject
Project("{FAE04EC0-301F-11D3-BF4B-00C04F79EFBC}") = "Smarti.Presentation.Infrastructure", "Presentation\Smarti.Presentation.Infrastructure\Smarti.Presentation.Infrastructure.csproj", "{9C18E91D-3257-46B5-B410-14003608AD92}"
EndProject
Global
	GlobalSection(SolutionConfigurationPlatforms) = preSolution
		Debug|Any CPU = Debug|Any CPU
		Release|Any CPU = Release|Any CPU
	EndGlobalSection
	GlobalSection(ProjectConfigurationPlatforms) = postSolution
		{7D0CDA96-3505-4029-91EE-5EC3B2FA1EDB}.Debug|Any CPU.ActiveCfg = Debug|Any CPU
		{7D0CDA96-3505-4029-91EE-5EC3B2FA1EDB}.Debug|Any CPU.Build.0 = Debug|Any CPU
		{7D0CDA96-3505-4029-91EE-5EC3B2FA1EDB}.Release|Any CPU.ActiveCfg = Release|Any CPU
		{7D0CDA96-3505-4029-91EE-5EC3B2FA1EDB}.Release|Any CPU.Build.0 = Release|Any CPU
		{A8D00F4F-C2B4-4D27-8A2F-634CAEBCB3DC}.Debug|Any CPU.ActiveCfg = Debug|Any CPU
		{A8D00F4F-C2B4-4D27-8A2F-634CAEBCB3DC}.Debug|Any CPU.Build.0 = Debug|Any CPU
		{A8D00F4F-C2B4-4D27-8A2F-634CAEBCB3DC}.Release|Any CPU.ActiveCfg = Release|Any CPU
		{A8D00F4F-C2B4-4D27-8A2F-634CAEBCB3DC}.Release|Any CPU.Build.0 = Release|Any CPU
		{3E373FD8-AAC5-4225-A4A4-FBE24424A170}.Debug|Any CPU.ActiveCfg = Debug|Any CPU
		{3E373FD8-AAC5-4225-A4A4-FBE24424A170}.Debug|Any CPU.Build.0 = Debug|Any CPU
		{3E373FD8-AAC5-4225-A4A4-FBE24424A170}.Release|Any CPU.ActiveCfg = Release|Any CPU
		{3E373FD8-AAC5-4225-A4A4-FBE24424A170}.Release|Any CPU.Build.0 = Release|Any CPU
		{A7A226F8-6EA1-4735-A4AB-4C4F709E9168}.Debug|Any CPU.ActiveCfg = Debug|Any CPU
		{A7A226F8-6EA1-4735-A4AB-4C4F709E9168}.Debug|Any CPU.Build.0 = Debug|Any CPU
		{A7A226F8-6EA1-4735-A4AB-4C4F709E9168}.Release|Any CPU.ActiveCfg = Release|Any CPU
		{A7A226F8-6EA1-4735-A4AB-4C4F709E9168}.Release|Any CPU.Build.0 = Release|Any CPU
		{DC75615B-2521-42A6-ABD3-7721D8269CC8}.Debug|Any CPU.ActiveCfg = Debug|Any CPU
		{DC75615B-2521-42A6-ABD3-7721D8269CC8}.Debug|Any CPU.Build.0 = Debug|Any CPU
		{DC75615B-2521-42A6-ABD3-7721D8269CC8}.Release|Any CPU.ActiveCfg = Release|Any CPU
		{DC75615B-2521-42A6-ABD3-7721D8269CC8}.Release|Any CPU.Build.0 = Release|Any CPU
		{DB23CAD6-DA8F-4825-9F23-18E34A58B22E}.Debug|Any CPU.ActiveCfg = Debug|Any CPU
		{DB23CAD6-DA8F-4825-9F23-18E34A58B22E}.Debug|Any CPU.Build.0 = Debug|Any CPU
		{DB23CAD6-DA8F-4825-9F23-18E34A58B22E}.Release|Any CPU.ActiveCfg = Release|Any CPU
		{DB23CAD6-DA8F-4825-9F23-18E34A58B22E}.Release|Any CPU.Build.0 = Release|Any CPU
		{23C5680E-05A6-43A9-AF3E-8063ACB7FA22}.Debug|Any CPU.ActiveCfg = Debug|Any CPU
		{23C5680E-05A6-43A9-AF3E-8063ACB7FA22}.Debug|Any CPU.Build.0 = Debug|Any CPU
		{23C5680E-05A6-43A9-AF3E-8063ACB7FA22}.Release|Any CPU.ActiveCfg = Release|Any CPU
		{23C5680E-05A6-43A9-AF3E-8063ACB7FA22}.Release|Any CPU.Build.0 = Release|Any CPU
		{4D064151-0F88-44EC-8C65-149AF2163B1F}.Debug|Any CPU.ActiveCfg = Debug|Any CPU
		{4D064151-0F88-44EC-8C65-149AF2163B1F}.Debug|Any CPU.Build.0 = Debug|Any CPU
		{4D064151-0F88-44EC-8C65-149AF2163B1F}.Release|Any CPU.ActiveCfg = Release|Any CPU
		{4D064151-0F88-44EC-8C65-149AF2163B1F}.Release|Any CPU.Build.0 = Release|Any CPU
		{D3BC011C-2C9E-4588-BE11-4426BBC241D0}.Debug|Any CPU.ActiveCfg = Debug|Any CPU
		{D3BC011C-2C9E-4588-BE11-4426BBC241D0}.Debug|Any CPU.Build.0 = Debug|Any CPU
		{D3BC011C-2C9E-4588-BE11-4426BBC241D0}.Release|Any CPU.ActiveCfg = Release|Any CPU
		{D3BC011C-2C9E-4588-BE11-4426BBC241D0}.Release|Any CPU.Build.0 = Release|Any CPU
		{9C18E91D-3257-46B5-B410-14003608AD92}.Debug|Any CPU.ActiveCfg = Debug|Any CPU
		{9C18E91D-3257-46B5-B410-14003608AD92}.Debug|Any CPU.Build.0 = Debug|Any CPU
		{9C18E91D-3257-46B5-B410-14003608AD92}.Release|Any CPU.ActiveCfg = Release|Any CPU
		{9C18E91D-3257-46B5-B410-14003608AD92}.Release|Any CPU.Build.0 = Release|Any CPU
	EndGlobalSection
	GlobalSection(SolutionProperties) = preSolution
		HideSolutionNode = FALSE
	EndGlobalSection
	GlobalSection(NestedProjects) = preSolution
		{A8D00F4F-C2B4-4D27-8A2F-634CAEBCB3DC} = {F46B4842-7152-4F1F-96A7-C4791BE13F9A}
		{3E373FD8-AAC5-4225-A4A4-FBE24424A170} = {F46B4842-7152-4F1F-96A7-C4791BE13F9A}
		{A7A226F8-6EA1-4735-A4AB-4C4F709E9168} = {A0F98FE2-2102-4CDD-B3F7-4A988007E8F4}
		{DC75615B-2521-42A6-ABD3-7721D8269CC8} = {A0F98FE2-2102-4CDD-B3F7-4A988007E8F4}
		{09276BB9-DB6A-486C-80FA-6E25979F48D0} = {9DD87487-E218-47C9-97D8-6EC1BB854E03}
		{DB23CAD6-DA8F-4825-9F23-18E34A58B22E} = {A0F98FE2-2102-4CDD-B3F7-4A988007E8F4}
		{23C5680E-05A6-43A9-AF3E-8063ACB7FA22} = {09276BB9-DB6A-486C-80FA-6E25979F48D0}
		{4D064151-0F88-44EC-8C65-149AF2163B1F} = {00E1466A-862B-4C05-8202-AA5E618B9248}
		{D3BC011C-2C9E-4588-BE11-4426BBC241D0} = {00E1466A-862B-4C05-8202-AA5E618B9248}
		{9C18E91D-3257-46B5-B410-14003608AD92} = {00E1466A-862B-4C05-8202-AA5E618B9248}
	EndGlobalSection
	GlobalSection(ExtensibilityGlobals) = postSolution
		SolutionGuid = {1FF6A990-3AF5-4668-942B-F7E3AA4BF14A}
	EndGlobalSection
EndGlobal
