
Microsoft Visual Studio Solution File, Format Version 12.00
# Visual Studio Version 17
VisualStudioVersion = 17.3.32819.101
MinimumVisualStudioVersion = 10.0.40219.1
Project("{FAE04EC0-301F-11D3-BF4B-00C04F79EFBC}") = "Smarti.WebApi", "Smarti.WebApi\Smarti.WebApi.csproj", "{7D0CDA96-3505-4029-91EE-5EC3B2FA1EDB}"
EndProject
Global
	GlobalSection(SolutionConfigurationPlatforms) = preSolution
		Debug|Any CPU = Debug|Any CPU
		Release|Any CPU = Release|Any CPU
	EndGlobalSection
	GlobalSection(ProjectConfigurationPlatforms) = postSolution
		{7D0CDA96-3505-4029-91EE-5EC3B2FA1EDB}.Debug|Any CPU.ActiveCfg = Debug|Any CPU
		{7D0CDA96-3505-4029-91EE-5EC3B2FA1EDB}.Debug|Any CPU.Build.0 = Debug|Any CPU
		{7D0CDA96-3505-4029-91EE-5EC3B2FA1EDB}.Release|Any CPU.ActiveCfg = Release|Any CPU
		{7D0CDA96-3505-4029-91EE-5EC3B2FA1EDB}.Release|Any CPU.Build.0 = Release|Any CPU
	EndGlobalSection
	GlobalSection(SolutionProperties) = preSolution
		HideSolutionNode = FALSE
	EndGlobalSection
	GlobalSection(ExtensibilityGlobals) = postSolution
		SolutionGuid = {1FF6A990-3AF5-4668-942B-F7E3AA4BF14A}
	EndGlobalSection
EndGlobal
